// !$*UTF8*$!
{
	archiveVersion = 1;
	classes = {
	};
	objectVersion = 56;
	objects = {

/* Begin PBXBuildFile section */
		24DD11B72C1CBC8F0050B6B2 /* EmojiApp.swift in Sources */ = {isa = PBXBuildFile; fileRef = 24DD11B62C1CBC8F0050B6B2 /* EmojiApp.swift */; };
		24DD11B92C1CBC8F0050B6B2 /* ContentView.swift in Sources */ = {isa = PBXBuildFile; fileRef = 24DD11B82C1CBC8F0050B6B2 /* ContentView.swift */; };
		24DD11BB2C1CBC930050B6B2 /* Assets.xcassets in Resources */ = {isa = PBXBuildFile; fileRef = 24DD11BA2C1CBC930050B6B2 /* Assets.xcassets */; };
		24DD11BE2C1CBC930050B6B2 /* Preview Assets.xcassets in Resources */ = {isa = PBXBuildFile; fileRef = 24DD11BD2C1CBC930050B6B2 /* Preview Assets.xcassets */; };
		24DD11C82C1CBC940050B6B2 /* EmojiTests.swift in Sources */ = {isa = PBXBuildFile; fileRef = 24DD11C72C1CBC940050B6B2 /* EmojiTests.swift */; };
		24DD11D22C1CBC940050B6B2 /* EmojiUITests.swift in Sources */ = {isa = PBXBuildFile; fileRef = 24DD11D12C1CBC940050B6B2 /* EmojiUITests.swift */; };
		24DD11D42C1CBC940050B6B2 /* EmojiUITestsLaunchTests.swift in Sources */ = {isa = PBXBuildFile; fileRef = 24DD11D32C1CBC940050B6B2 /* EmojiUITestsLaunchTests.swift */; };
/* End PBXBuildFile section */

/* Begin PBXContainerItemProxy section */
		24DD11C42C1CBC940050B6B2 /* PBXContainerItemProxy */ = {
			isa = PBXContainerItemProxy;
			containerPortal = 24DD11AB2C1CBC8F0050B6B2 /* Project object */;
			proxyType = 1;
			remoteGlobalIDString = 24DD11B22C1CBC8F0050B6B2;
			remoteInfo = Emoji;
		};
		24DD11CE2C1CBC940050B6B2 /* PBXContainerItemProxy */ = {
			isa = PBXContainerItemProxy;
			containerPortal = 24DD11AB2C1CBC8F0050B6B2 /* Project object */;
			proxyType = 1;
			remoteGlobalIDString = 24DD11B22C1CBC8F0050B6B2;
			remoteInfo = Emoji;
		};
/* End PBXContainerItemProxy section */

/* Begin PBXFileReference section */
		24DD11B32C1CBC8F0050B6B2 /* Emoji.app */ = {isa = PBXFileReference; explicitFileType = wrapper.application; includeInIndex = 0; path = Emoji.app; sourceTree = BUILT_PRODUCTS_DIR; };
		24DD11B62C1CBC8F0050B6B2 /* EmojiApp.swift */ = {isa = PBXFileReference; lastKnownFileType = sourcecode.swift; path = EmojiApp.swift; sourceTree = "<group>"; };
		24DD11B82C1CBC8F0050B6B2 /* ContentView.swift */ = {isa = PBXFileReference; lastKnownFileType = sourcecode.swift; path = ContentView.swift; sourceTree = "<group>"; };
		24DD11BA2C1CBC930050B6B2 /* Assets.xcassets */ = {isa = PBXFileReference; lastKnownFileType = folder.assetcatalog; path = Assets.xcassets; sourceTree = "<group>"; };
		24DD11BD2C1CBC930050B6B2 /* Preview Assets.xcassets */ = {isa = PBXFileReference; lastKnownFileType = folder.assetcatalog; path = "Preview Assets.xcassets"; sourceTree = "<group>"; };
		24DD11C32C1CBC940050B6B2 /* EmojiTests.xctest */ = {isa = PBXFileReference; explicitFileType = wrapper.cfbundle; includeInIndex = 0; path = EmojiTests.xctest; sourceTree = BUILT_PRODUCTS_DIR; };
		24DD11C72C1CBC940050B6B2 /* EmojiTests.swift */ = {isa = PBXFileReference; lastKnownFileType = sourcecode.swift; path = EmojiTests.swift; sourceTree = "<group>"; };
		24DD11CD2C1CBC940050B6B2 /* EmojiUITests.xctest */ = {isa = PBXFileReference; explicitFileType = wrapper.cfbundle; includeInIndex = 0; path = EmojiUITests.xctest; sourceTree = BUILT_PRODUCTS_DIR; };
		24DD11D12C1CBC940050B6B2 /* EmojiUITests.swift */ = {isa = PBXFileReference; lastKnownFileType = sourcecode.swift; path = EmojiUITests.swift; sourceTree = "<group>"; };
		24DD11D32C1CBC940050B6B2 /* EmojiUITestsLaunchTests.swift */ = {isa = PBXFileReference; lastKnownFileType = sourcecode.swift; path = EmojiUITestsLaunchTests.swift; sourceTree = "<group>"; };
/* End PBXFileReference section */

/* Begin PBXFrameworksBuildPhase section */
		24DD11B02C1CBC8F0050B6B2 /* Frameworks */ = {
			isa = PBXFrameworksBuildPhase;
			buildActionMask = 2147483647;
			files = (
			);
			runOnlyForDeploymentPostprocessing = 0;
		};
		24DD11C02C1CBC940050B6B2 /* Frameworks */ = {
			isa = PBXFrameworksBuildPhase;
			buildActionMask = 2147483647;
			files = (
			);
			runOnlyForDeploymentPostprocessing = 0;
		};
		24DD11CA2C1CBC940050B6B2 /* Frameworks */ = {
			isa = PBXFrameworksBuildPhase;
			buildActionMask = 2147483647;
			files = (
			);
			runOnlyForDeploymentPostprocessing = 0;
		};
/* End PBXFrameworksBuildPhase section */

/* Begin PBXGroup section */
		24DD11AA2C1CBC8F0050B6B2 = {
			isa = PBXGroup;
			children = (
				24DD11B52C1CBC8F0050B6B2 /* Emoji */,
				24DD11C62C1CBC940050B6B2 /* EmojiTests */,
				24DD11D02C1CBC940050B6B2 /* EmojiUITests */,
				24DD11B42C1CBC8F0050B6B2 /* Products */,
			);
			sourceTree = "<group>";
		};
		24DD11B42C1CBC8F0050B6B2 /* Products */ = {
			isa = PBXGroup;
			children = (
				24DD11B32C1CBC8F0050B6B2 /* Emoji.app */,
				24DD11C32C1CBC940050B6B2 /* EmojiTests.xctest */,
				24DD11CD2C1CBC940050B6B2 /* EmojiUITests.xctest */,
			);
			name = Products;
			sourceTree = "<group>";
		};
		24DD11B52C1CBC8F0050B6B2 /* Emoji */ = {
			isa = PBXGroup;
			children = (
				24DD11B62C1CBC8F0050B6B2 /* EmojiApp.swift */,
				24DD11B82C1CBC8F0050B6B2 /* ContentView.swift */,
				24DD11BA2C1CBC930050B6B2 /* Assets.xcassets */,
				24DD11BC2C1CBC930050B6B2 /* Preview Content */,
			);
			path = Emoji;
			sourceTree = "<group>";
		};
		24DD11BC2C1CBC930050B6B2 /* Preview Content */ = {
			isa = PBXGroup;
			children = (
				24DD11BD2C1CBC930050B6B2 /* Preview Assets.xcassets */,
			);
			path = "Preview Content";
			sourceTree = "<group>";
		};
		24DD11C62C1CBC940050B6B2 /* EmojiTests */ = {
			isa = PBXGroup;
			children = (
				24DD11C72C1CBC940050B6B2 /* EmojiTests.swift */,
			);
			path = EmojiTests;
			sourceTree = "<group>";
		};
		24DD11D02C1CBC940050B6B2 /* EmojiUITests */ = {
			isa = PBXGroup;
			children = (
				24DD11D12C1CBC940050B6B2 /* EmojiUITests.swift */,
				24DD11D32C1CBC940050B6B2 /* EmojiUITestsLaunchTests.swift */,
			);
			path = EmojiUITests;
			sourceTree = "<group>";
		};
/* End PBXGroup section */

/* Begin PBXNativeTarget section */
		24DD11B22C1CBC8F0050B6B2 /* Emoji */ = {
			isa = PBXNativeTarget;
			buildConfigurationList = 24DD11D72C1CBC940050B6B2 /* Build configuration list for PBXNativeTarget "Emoji" */;
			buildPhases = (
				24DD11AF2C1CBC8F0050B6B2 /* Sources */,
				24DD11B02C1CBC8F0050B6B2 /* Frameworks */,
				24DD11B12C1CBC8F0050B6B2 /* Resources */,
			);
			buildRules = (
			);
			dependencies = (
			);
			name = Emoji;
			productName = Emoji;
			productReference = 24DD11B32C1CBC8F0050B6B2 /* Emoji.app */;
			productType = "com.apple.product-type.application";
		};
		24DD11C22C1CBC940050B6B2 /* EmojiTests */ = {
			isa = PBXNativeTarget;
			buildConfigurationList = 24DD11DA2C1CBC940050B6B2 /* Build configuration list for PBXNativeTarget "EmojiTests" */;
			buildPhases = (
				24DD11BF2C1CBC940050B6B2 /* Sources */,
				24DD11C02C1CBC940050B6B2 /* Frameworks */,
				24DD11C12C1CBC940050B6B2 /* Resources */,
			);
			buildRules = (
			);
			dependencies = (
				24DD11C52C1CBC940050B6B2 /* PBXTargetDependency */,
			);
			name = EmojiTests;
			productName = EmojiTests;
			productReference = 24DD11C32C1CBC940050B6B2 /* EmojiTests.xctest */;
			productType = "com.apple.product-type.bundle.unit-test";
		};
		24DD11CC2C1CBC940050B6B2 /* EmojiUITests */ = {
			isa = PBXNativeTarget;
			buildConfigurationList = 24DD11DD2C1CBC940050B6B2 /* Build configuration list for PBXNativeTarget "EmojiUITests" */;
			buildPhases = (
				24DD11C92C1CBC940050B6B2 /* Sources */,
				24DD11CA2C1CBC940050B6B2 /* Frameworks */,
				24DD11CB2C1CBC940050B6B2 /* Resources */,
			);
			buildRules = (
			);
			dependencies = (
				24DD11CF2C1CBC940050B6B2 /* PBXTargetDependency */,
			);
			name = EmojiUITests;
			productName = EmojiUITests;
			productReference = 24DD11CD2C1CBC940050B6B2 /* EmojiUITests.xctest */;
			productType = "com.apple.product-type.bundle.ui-testing";
		};
/* End PBXNativeTarget section */

/* Begin PBXProject section */
		24DD11AB2C1CBC8F0050B6B2 /* Project object */ = {
			isa = PBXProject;
			attributes = {
				BuildIndependentTargetsInParallel = 1;
				LastSwiftUpdateCheck = 1540;
				LastUpgradeCheck = 1540;
				TargetAttributes = {
					24DD11B22C1CBC8F0050B6B2 = {
						CreatedOnToolsVersion = 15.4;
					};
					24DD11C22C1CBC940050B6B2 = {
						CreatedOnToolsVersion = 15.4;
						TestTargetID = 24DD11B22C1CBC8F0050B6B2;
					};
					24DD11CC2C1CBC940050B6B2 = {
						CreatedOnToolsVersion = 15.4;
						TestTargetID = 24DD11B22C1CBC8F0050B6B2;
					};
				};
			};
			buildConfigurationList = 24DD11AE2C1CBC8F0050B6B2 /* Build configuration list for PBXProject "Emoji" */;
			compatibilityVersion = "Xcode 14.0";
			developmentRegion = en;
			hasScannedForEncodings = 0;
			knownRegions = (
				en,
				Base,
			);
			mainGroup = 24DD11AA2C1CBC8F0050B6B2;
			productRefGroup = 24DD11B42C1CBC8F0050B6B2 /* Products */;
			projectDirPath = "";
			projectRoot = "";
			targets = (
				24DD11B22C1CBC8F0050B6B2 /* Emoji */,
				24DD11C22C1CBC940050B6B2 /* EmojiTests */,
				24DD11CC2C1CBC940050B6B2 /* EmojiUITests */,
			);
		};
/* End PBXProject section */

/* Begin PBXResourcesBuildPhase section */
		24DD11B12C1CBC8F0050B6B2 /* Resources */ = {
			isa = PBXResourcesBuildPhase;
			buildActionMask = 2147483647;
			files = (
				24DD11BE2C1CBC930050B6B2 /* Preview Assets.xcassets in Resources */,
				24DD11BB2C1CBC930050B6B2 /* Assets.xcassets in Resources */,
			);
			runOnlyForDeploymentPostprocessing = 0;
		};
		24DD11C12C1CBC940050B6B2 /* Resources */ = {
			isa = PBXResourcesBuildPhase;
			buildActionMask = 2147483647;
			files = (
			);
			runOnlyForDeploymentPostprocessing = 0;
		};
		24DD11CB2C1CBC940050B6B2 /* Resources */ = {
			isa = PBXResourcesBuildPhase;
			buildActionMask = 2147483647;
			files = (
			);
			runOnlyForDeploymentPostprocessing = 0;
		};
/* End PBXResourcesBuildPhase section */

/* Begin PBXSourcesBuildPhase section */
		24DD11AF2C1CBC8F0050B6B2 /* Sources */ = {
			isa = PBXSourcesBuildPhase;
			buildActionMask = 2147483647;
			files = (
				24DD11B92C1CBC8F0050B6B2 /* ContentView.swift in Sources */,
				24DD11B72C1CBC8F0050B6B2 /* EmojiApp.swift in Sources */,
			);
			runOnlyForDeploymentPostprocessing = 0;
		};
		24DD11BF2C1CBC940050B6B2 /* Sources */ = {
			isa = PBXSourcesBuildPhase;
			buildActionMask = 2147483647;
			files = (
				24DD11C82C1CBC940050B6B2 /* EmojiTests.swift in Sources */,
			);
			runOnlyForDeploymentPostprocessing = 0;
		};
		24DD11C92C1CBC940050B6B2 /* Sources */ = {
			isa = PBXSourcesBuildPhase;
			buildActionMask = 2147483647;
			files = (
				24DD11D22C1CBC940050B6B2 /* EmojiUITests.swift in Sources */,
				24DD11D42C1CBC940050B6B2 /* EmojiUITestsLaunchTests.swift in Sources */,
			);
			runOnlyForDeploymentPostprocessing = 0;
		};
/* End PBXSourcesBuildPhase section */

/* Begin PBXTargetDependency section */
		24DD11C52C1CBC940050B6B2 /* PBXTargetDependency */ = {
			isa = PBXTargetDependency;
			target = 24DD11B22C1CBC8F0050B6B2 /* Emoji */;
			targetProxy = 24DD11C42C1CBC940050B6B2 /* PBXContainerItemProxy */;
		};
		24DD11CF2C1CBC940050B6B2 /* PBXTargetDependency */ = {
			isa = PBXTargetDependency;
			target = 24DD11B22C1CBC8F0050B6B2 /* Emoji */;
			targetProxy = 24DD11CE2C1CBC940050B6B2 /* PBXContainerItemProxy */;
		};
/* End PBXTargetDependency section */

/* Begin XCBuildConfiguration section */
		24DD11D52C1CBC940050B6B2 /* Debug */ = {
			isa = XCBuildConfiguration;
			buildSettings = {
				ALWAYS_SEARCH_USER_PATHS = NO;
				ASSETCATALOG_COMPILER_GENERATE_SWIFT_ASSET_SYMBOL_EXTENSIONS = YES;
				CLANG_ANALYZER_NONNULL = YES;
				CLANG_ANALYZER_NUMBER_OBJECT_CONVERSION = YES_AGGRESSIVE;
				CLANG_CXX_LANGUAGE_STANDARD = "gnu++20";
				CLANG_ENABLE_MODULES = YES;
				CLANG_ENABLE_OBJC_ARC = YES;
				CLANG_ENABLE_OBJC_WEAK = YES;
				CLANG_WARN_BLOCK_CAPTURE_AUTORELEASING = YES;
				CLANG_WARN_BOOL_CONVERSION = YES;
				CLANG_WARN_COMMA = YES;
				CLANG_WARN_CONSTANT_CONVERSION = YES;
				CLANG_WARN_DEPRECATED_OBJC_IMPLEMENTATIONS = YES;
				CLANG_WARN_DIRECT_OBJC_ISA_USAGE = YES_ERROR;
				CLANG_WARN_DOCUMENTATION_COMMENTS = YES;
				CLANG_WARN_EMPTY_BODY = YES;
				CLANG_WARN_ENUM_CONVERSION = YES;
				CLANG_WARN_INFINITE_RECURSION = YES;
				CLANG_WARN_INT_CONVERSION = YES;
				CLANG_WARN_NON_LITERAL_NULL_CONVERSION = YES;
				CLANG_WARN_OBJC_IMPLICIT_RETAIN_SELF = YES;
				CLANG_WARN_OBJC_LITERAL_CONVERSION = YES;
				CLANG_WARN_OBJC_ROOT_CLASS = YES_ERROR;
				CLANG_WARN_QUOTED_INCLUDE_IN_FRAMEWORK_HEADER = YES;
				CLANG_WARN_RANGE_LOOP_ANALYSIS = YES;
				CLANG_WARN_STRICT_PROTOTYPES = YES;
				CLANG_WARN_SUSPICIOUS_MOVE = YES;
				CLANG_WARN_UNGUARDED_AVAILABILITY = YES_AGGRESSIVE;
				CLANG_WARN_UNREACHABLE_CODE = YES;
				CLANG_WARN__DUPLICATE_METHOD_MATCH = YES;
				COPY_PHASE_STRIP = NO;
				DEBUG_INFORMATION_FORMAT = dwarf;
				ENABLE_STRICT_OBJC_MSGSEND = YES;
				ENABLE_TESTABILITY = YES;
				ENABLE_USER_SCRIPT_SANDBOXING = YES;
				GCC_C_LANGUAGE_STANDARD = gnu17;
				GCC_DYNAMIC_NO_PIC = NO;
				GCC_NO_COMMON_BLOCKS = YES;
				GCC_OPTIMIZATION_LEVEL = 0;
				GCC_PREPROCESSOR_DEFINITIONS = (
					"DEBUG=1",
					"$(inherited)",
				);
				GCC_WARN_64_TO_32_BIT_CONVERSION = YES;
				GCC_WARN_ABOUT_RETURN_TYPE = YES_ERROR;
				GCC_WARN_UNDECLARED_SELECTOR = YES;
				GCC_WARN_UNINITIALIZED_AUTOS = YES_AGGRESSIVE;
				GCC_WARN_UNUSED_FUNCTION = YES;
				GCC_WARN_UNUSED_VARIABLE = YES;
				IPHONEOS_DEPLOYMENT_TARGET = 17.5;
				LOCALIZATION_PREFERS_STRING_CATALOGS = YES;
				MTL_ENABLE_DEBUG_INFO = INCLUDE_SOURCE;
				MTL_FAST_MATH = YES;
				ONLY_ACTIVE_ARCH = YES;
				SDKROOT = iphoneos;
				SWIFT_ACTIVE_COMPILATION_CONDITIONS = "DEBUG $(inherited)";
				SWIFT_OPTIMIZATION_LEVEL = "-Onone";
			};
			name = Debug;
		};
		24DD11D62C1CBC940050B6B2 /* Release */ = {
			isa = XCBuildConfiguration;
			buildSettings = {
				ALWAYS_SEARCH_USER_PATHS = NO;
				ASSETCATALOG_COMPILER_GENERATE_SWIFT_ASSET_SYMBOL_EXTENSIONS = YES;
				CLANG_ANALYZER_NONNULL = YES;
				CLANG_ANALYZER_NUMBER_OBJECT_CONVERSION = YES_AGGRESSIVE;
				CLANG_CXX_LANGUAGE_STANDARD = "gnu++20";
				CLANG_ENABLE_MODULES = YES;
				CLANG_ENABLE_OBJC_ARC = YES;
				CLANG_ENABLE_OBJC_WEAK = YES;
				CLANG_WARN_BLOCK_CAPTURE_AUTORELEASING = YES;
				CLANG_WARN_BOOL_CONVERSION = YES;
				CLANG_WARN_COMMA = YES;
				CLANG_WARN_CONSTANT_CONVERSION = YES;
				CLANG_WARN_DEPRECATED_OBJC_IMPLEMENTATIONS = YES;
				CLANG_WARN_DIRECT_OBJC_ISA_USAGE = YES_ERROR;
				CLANG_WARN_DOCUMENTATION_COMMENTS = YES;
				CLANG_WARN_EMPTY_BODY = YES;
				CLANG_WARN_ENUM_CONVERSION = YES;
				CLANG_WARN_INFINITE_RECURSION = YES;
				CLANG_WARN_INT_CONVERSION = YES;
				CLANG_WARN_NON_LITERAL_NULL_CONVERSION = YES;
				CLANG_WARN_OBJC_IMPLICIT_RETAIN_SELF = YES;
				CLANG_WARN_OBJC_LITERAL_CONVERSION = YES;
				CLANG_WARN_OBJC_ROOT_CLASS = YES_ERROR;
				CLANG_WARN_QUOTED_INCLUDE_IN_FRAMEWORK_HEADER = YES;
				CLANG_WARN_RANGE_LOOP_ANALYSIS = YES;
				CLANG_WARN_STRICT_PROTOTYPES = YES;
				CLANG_WARN_SUSPICIOUS_MOVE = YES;
				CLANG_WARN_UNGUARDED_AVAILABILITY = YES_AGGRESSIVE;
				CLANG_WARN_UNREACHABLE_CODE = YES;
				CLANG_WARN__DUPLICATE_METHOD_MATCH = YES;
				COPY_PHASE_STRIP = NO;
				DEBUG_INFORMATION_FORMAT = "dwarf-with-dsym";
				ENABLE_NS_ASSERTIONS = NO;
				ENABLE_STRICT_OBJC_MSGSEND = YES;
				ENABLE_USER_SCRIPT_SANDBOXING = YES;
				GCC_C_LANGUAGE_STANDARD = gnu17;
				GCC_NO_COMMON_BLOCKS = YES;
				GCC_WARN_64_TO_32_BIT_CONVERSION = YES;
				GCC_WARN_ABOUT_RETURN_TYPE = YES_ERROR;
				GCC_WARN_UNDECLARED_SELECTOR = YES;
				GCC_WARN_UNINITIALIZED_AUTOS = YES_AGGRESSIVE;
				GCC_WARN_UNUSED_FUNCTION = YES;
				GCC_WARN_UNUSED_VARIABLE = YES;
				IPHONEOS_DEPLOYMENT_TARGET = 17.5;
				LOCALIZATION_PREFERS_STRING_CATALOGS = YES;
				MTL_ENABLE_DEBUG_INFO = NO;
				MTL_FAST_MATH = YES;
				SDKROOT = iphoneos;
				SWIFT_COMPILATION_MODE = wholemodule;
				VALIDATE_PRODUCT = YES;
			};
			name = Release;
		};
		24DD11D82C1CBC940050B6B2 /* Debug */ = {
			isa = XCBuildConfiguration;
			buildSettings = {
				ASSETCATALOG_COMPILER_APPICON_NAME = AppIcon;
				ASSETCATALOG_COMPILER_GLOBAL_ACCENT_COLOR_NAME = AccentColor;
				CODE_SIGN_STYLE = Automatic;
				CURRENT_PROJECT_VERSION = 1;
				DEVELOPMENT_ASSET_PATHS = "\"Emoji/Preview Content\"";
				ENABLE_PREVIEWS = YES;
				GENERATE_INFOPLIST_FILE = YES;
				INFOPLIST_KEY_UIApplicationSceneManifest_Generation = YES;
				INFOPLIST_KEY_UIApplicationSupportsIndirectInputEvents = YES;
				INFOPLIST_KEY_UILaunchScreen_Generation = YES;
				INFOPLIST_KEY_UISupportedInterfaceOrientations_iPad = "UIInterfaceOrientationPortrait UIInterfaceOrientationPortraitUpsideDown UIInterfaceOrientationLandscapeLeft UIInterfaceOrientationLandscapeRight";
				INFOPLIST_KEY_UISupportedInterfaceOrientations_iPhone = "UIInterfaceOrientationPortrait UIInterfaceOrientationLandscapeLeft UIInterfaceOrientationLandscapeRight";
				LD_RUNPATH_SEARCH_PATHS = (
					"$(inherited)",
					"@executable_path/Frameworks",
				);
				MARKETING_VERSION = 1.0;
				PRODUCT_BUNDLE_IDENTIFIER = PersonalProject.Emoji;
				PRODUCT_NAME = "$(TARGET_NAME)";
				SWIFT_EMIT_LOC_STRINGS = YES;
				SWIFT_VERSION = 5.0;
				TARGETED_DEVICE_FAMILY = "1,2";
			};
			name = Debug;
		};
		24DD11D92C1CBC940050B6B2 /* Release */ = {
			isa = XCBuildConfiguration;
			buildSettings = {
				ASSETCATALOG_COMPILER_APPICON_NAME = AppIcon;
				ASSETCATALOG_COMPILER_GLOBAL_ACCENT_COLOR_NAME = AccentColor;
				CODE_SIGN_STYLE = Automatic;
				CURRENT_PROJECT_VERSION = 1;
				DEVELOPMENT_ASSET_PATHS = "\"Emoji/Preview Content\"";
				ENABLE_PREVIEWS = YES;
				GENERATE_INFOPLIST_FILE = YES;
				INFOPLIST_KEY_UIApplicationSceneManifest_Generation = YES;
				INFOPLIST_KEY_UIApplicationSupportsIndirectInputEvents = YES;
				INFOPLIST_KEY_UILaunchScreen_Generation = YES;
				INFOPLIST_KEY_UISupportedInterfaceOrientations_iPad = "UIInterfaceOrientationPortrait UIInterfaceOrientationPortraitUpsideDown UIInterfaceOrientationLandscapeLeft UIInterfaceOrientationLandscapeRight";
				INFOPLIST_KEY_UISupportedInterfaceOrientations_iPhone = "UIInterfaceOrientationPortrait UIInterfaceOrientationLandscapeLeft UIInterfaceOrientationLandscapeRight";
				LD_RUNPATH_SEARCH_PATHS = (
					"$(inherited)",
					"@executable_path/Frameworks",
				);
				MARKETING_VERSION = 1.0;
				PRODUCT_BUNDLE_IDENTIFIER = PersonalProject.Emoji;
				PRODUCT_NAME = "$(TARGET_NAME)";
				SWIFT_EMIT_LOC_STRINGS = YES;
				SWIFT_VERSION = 5.0;
				TARGETED_DEVICE_FAMILY = "1,2";
			};
			name = Release;
		};
		24DD11DB2C1CBC940050B6B2 /* Debug */ = {
			isa = XCBuildConfiguration;
			buildSettings = {
				ALWAYS_EMBED_SWIFT_STANDARD_LIBRARIES = YES;
				BUNDLE_LOADER = "$(TEST_HOST)";
				CODE_SIGN_STYLE = Automatic;
				CURRENT_PROJECT_VERSION = 1;
				GENERATE_INFOPLIST_FILE = YES;
				IPHONEOS_DEPLOYMENT_TARGET = 17.5;
				MARKETING_VERSION = 1.0;
				PRODUCT_BUNDLE_IDENTIFIER = PersonalProject.EmojiTests;
				PRODUCT_NAME = "$(TARGET_NAME)";
				SWIFT_EMIT_LOC_STRINGS = NO;
				SWIFT_VERSION = 5.0;
				TARGETED_DEVICE_FAMILY = "1,2";
				TEST_HOST = "$(BUILT_PRODUCTS_DIR)/Emoji.app/$(BUNDLE_EXECUTABLE_FOLDER_PATH)/Emoji";
			};
			name = Debug;
		};
		24DD11DC2C1CBC940050B6B2 /* Release */ = {
			isa = XCBuildConfiguration;
			buildSettings = {
				ALWAYS_EMBED_SWIFT_STANDARD_LIBRARIES = YES;
				BUNDLE_LOADER = "$(TEST_HOST)";
				CODE_SIGN_STYLE = Automatic;
				CURRENT_PROJECT_VERSION = 1;
				GENERATE_INFOPLIST_FILE = YES;
				IPHONEOS_DEPLOYMENT_TARGET = 17.5;
				MARKETING_VERSION = 1.0;
				PRODUCT_BUNDLE_IDENTIFIER = PersonalProject.EmojiTests;
				PRODUCT_NAME = "$(TARGET_NAME)";
				SWIFT_EMIT_LOC_STRINGS = NO;
				SWIFT_VERSION = 5.0;
				TARGETED_DEVICE_FAMILY = "1,2";
				TEST_HOST = "$(BUILT_PRODUCTS_DIR)/Emoji.app/$(BUNDLE_EXECUTABLE_FOLDER_PATH)/Emoji";
			};
			name = Release;
		};
		24DD11DE2C1CBC940050B6B2 /* Debug */ = {
			isa = XCBuildConfiguration;
			buildSettings = {
				ALWAYS_EMBED_SWIFT_STANDARD_LIBRARIES = YES;
				CODE_SIGN_STYLE = Automatic;
				CURRENT_PROJECT_VERSION = 1;
				GENERATE_INFOPLIST_FILE = YES;
				MARKETING_VERSION = 1.0;
				PRODUCT_BUNDLE_IDENTIFIER = PersonalProject.EmojiUITests;
				PRODUCT_NAME = "$(TARGET_NAME)";
				SWIFT_EMIT_LOC_STRINGS = NO;
				SWIFT_VERSION = 5.0;
				TARGETED_DEVICE_FAMILY = "1,2";
				TEST_TARGET_NAME = Emoji;
			};
			name = Debug;
		};
		24DD11DF2C1CBC940050B6B2 /* Release */ = {
			isa = XCBuildConfiguration;
			buildSettings = {
				ALWAYS_EMBED_SWIFT_STANDARD_LIBRARIES = YES;
				CODE_SIGN_STYLE = Automatic;
				CURRENT_PROJECT_VERSION = 1;
				GENERATE_INFOPLIST_FILE = YES;
				MARKETING_VERSION = 1.0;
				PRODUCT_BUNDLE_IDENTIFIER = PersonalProject.EmojiUITests;
				PRODUCT_NAME = "$(TARGET_NAME)";
				SWIFT_EMIT_LOC_STRINGS = NO;
				SWIFT_VERSION = 5.0;
				TARGETED_DEVICE_FAMILY = "1,2";
				TEST_TARGET_NAME = Emoji;
			};
			name = Release;
		};
/* End XCBuildConfiguration section */

/* Begin XCConfigurationList section */
		24DD11AE2C1CBC8F0050B6B2 /* Build configuration list for PBXProject "Emoji" */ = {
			isa = XCConfigurationList;
			buildConfigurations = (
				24DD11D52C1CBC940050B6B2 /* Debug */,
				24DD11D62C1CBC940050B6B2 /* Release */,
			);
			defaultConfigurationIsVisible = 0;
			defaultConfigurationName = Release;
		};
		24DD11D72C1CBC940050B6B2 /* Build configuration list for PBXNativeTarget "Emoji" */ = {
			isa = XCConfigurationList;
			buildConfigurations = (
				24DD11D82C1CBC940050B6B2 /* Debug */,
				24DD11D92C1CBC940050B6B2 /* Release */,
			);
			defaultConfigurationIsVisible = 0;
			defaultConfigurationName = Release;
		};
		24DD11DA2C1CBC940050B6B2 /* Build configuration list for PBXNativeTarget "EmojiTests" */ = {
			isa = XCConfigurationList;
			buildConfigurations = (
				24DD11DB2C1CBC940050B6B2 /* Debug */,
				24DD11DC2C1CBC940050B6B2 /* Release */,
			);
			defaultConfigurationIsVisible = 0;
			defaultConfigurationName = Release;
		};
		24DD11DD2C1CBC940050B6B2 /* Build configuration list for PBXNativeTarget "EmojiUITests" */ = {
			isa = XCConfigurationList;
			buildConfigurations = (
				24DD11DE2C1CBC940050B6B2 /* Debug */,
				24DD11DF2C1CBC940050B6B2 /* Release */,
			);
			defaultConfigurationIsVisible = 0;
			defaultConfigurationName = Release;
		};
/* End XCConfigurationList section */
	};
	rootObject = 24DD11AB2C1CBC8F0050B6B2 /* Project object */;
}
